
Microsoft Visual Studio Solution File, Format Version 12.00
# Visual Studio Version 17
VisualStudioVersion = 17.4.33122.133
MinimumVisualStudioVersion = 10.0.40219.1
Project("{FAE04EC0-301F-11D3-BF4B-00C04F79EFBC}") = "MyMiscellaneousApi", "MyMiscellaneousApi\MyMiscellaneousApi.csproj", "{9DD75606-3C1F-4EEB-8523-7923E4335744}"
EndProject
Global
	GlobalSection(SolutionConfigurationPlatforms) = preSolution
		Debug|Any CPU = Debug|Any CPU
		Release|Any CPU = Release|Any CPU
	EndGlobalSection
	GlobalSection(ProjectConfigurationPlatforms) = postSolution
		{9DD75606-3C1F-4EEB-8523-7923E4335744}.Debug|Any CPU.ActiveCfg = Debug|Any CPU
		{9DD75606-3C1F-4EEB-8523-7923E4335744}.Debug|Any CPU.Build.0 = Debug|Any CPU
		{9DD75606-3C1F-4EEB-8523-7923E4335744}.Release|Any CPU.ActiveCfg = Release|Any CPU
		{9DD75606-3C1F-4EEB-8523-7923E4335744}.Release|Any CPU.Build.0 = Release|Any CPU
	EndGlobalSection
	GlobalSection(SolutionProperties) = preSolution
		HideSolutionNode = FALSE
	EndGlobalSection
	GlobalSection(ExtensibilityGlobals) = postSolution
		SolutionGuid = {076ED3A1-E55C-4CE5-8304-A5FEDDB1E946}
	EndGlobalSection
EndGlobal
